{
  "name": "backend",
  "lockfileVersion": 3,
  "requires": true,
  "packages": {
    "": {
      "dependencies": {
        "umtrack-wx": "^2.8.0"
      }
    },
    "node_modules/umtrack-wx": {
      "version": "2.8.0",
      "resolved": "https://registry.npmjs.org/umtrack-wx/-/umtrack-wx-2.8.0.tgz",
      "integrity": "sha512-F5ul+Q7bDJ6MDrn9ysPAyB9nyP1vCxLGUBkSJ4uvknt8rjmX4tqy1IUnJuWKj9ZH2BtkjRFpldQXJSlLDOYfhQ==",
      "license": "ISC"
    }
  }
}
